Microsoft Visual Studio Solution File, Format Version 12.00
# Visual Studio 2013
VisualStudioVersion = 12.0.30501.0
MinimumVisualStudioVersion = 10.0.40219.1
Project("{8BC9CEB8-8B4A-11D0-8D11-00A0C91BC942}") = "ACM ADbg", "lame_acm_adbg.vcxproj", "{0D7CAB1B-AE57-4BA1-BDBF-D7391AAA81AA}"
EndProject
Project("{8BC9CEB8-8B4A-11D0-8D11-00A0C91BC942}") = "ACM tinyxml", "lame_acm_tinyxml.vcxproj", "{30219289-3B7F-4E02-BC34-C1DBD08CD848}"
EndProject
Project("{8BC9CEB8-8B4A-11D0-8D11-00A0C91BC942}") = "ACM", "lame_acm.vcxproj", "{FC3D65E7-B7CB-406E-B6C9-0B26E30FE7F4}"
EndProject
Project("{8BC9CEB8-8B4A-11D0-8D11-00A0C91BC942}") = "DShow", "lame_dshow.vcxproj", "{6D348A4E-8B40-4FB0-BB57-C982D51FFA01}"
EndProject
Project("{8BC9CEB8-8B4A-11D0-8D11-00A0C91BC942}") = "lame_enc_dll", "lame_dll.vcxproj", "{0E4820D3-DBE3-477A-910B-7C020D6066D1}"
EndProject
Project("{8BC9CEB8-8B4A-11D0-8D11-00A0C91BC942}") = "lame_enc_dll_example", "lame_dll_example.vcxproj", "{D169F06E-6607-4A9F-A075-2335717B9AB5}"
EndProject
Project("{2150E333-8FDC-42A3-9474-1A3956D46DE8}") = "Solution Files", "Solution Files", "{86765F86-243B-494E-8218-4D127C49178A}"
	ProjectSection(SolutionItems) = preProject
		Windows8SDK.Win32.props = Windows8SDK.Win32.props
		Windows8SDK.x64.props = Windows8SDK.x64.props
	EndProjectSection
EndProject
Project("{2150E333-8FDC-42A3-9474-1A3956D46DE8}") = ".nuget", ".nuget", "{345024CC-20F1-4AAF-B7AC-2B97E4131B63}"
	ProjectSection(SolutionItems) = preProject
		.nuget\NuGet.Config = .nuget\NuGet.Config
	EndProjectSection
EndProject
Global
	GlobalSection(SolutionConfigurationPlatforms) = preSolution
		Debug|Win32 = Debug|Win32
		Debug|x64 = Debug|x64
		Release|Win32 = Release|Win32
		Release|x64 = Release|x64
		ReleaseNASM|Win32 = ReleaseNASM|Win32
		ReleaseNASM|x64 = ReleaseNASM|x64
		ReleaseSSE2|Win32 = ReleaseSSE2|Win32
		ReleaseSSE2|x64 = ReleaseSSE2|x64
	EndGlobalSection
	GlobalSection(ProjectConfigurationPlatforms) = postSolution
		{0D7CAB1B-AE57-4BA1-BDBF-D7391AAA81AA}.Debug|Win32.ActiveCfg = Debug|Win32
		{0D7CAB1B-AE57-4BA1-BDBF-D7391AAA81AA}.Debug|Win32.Build.0 = Debug|Win32
		{0D7CAB1B-AE57-4BA1-BDBF-D7391AAA81AA}.Debug|x64.ActiveCfg = Debug|x64
		{0D7CAB1B-AE57-4BA1-BDBF-D7391AAA81AA}.Debug|x64.Build.0 = Debug|x64
		{0D7CAB1B-AE57-4BA1-BDBF-D7391AAA81AA}.Release|Win32.ActiveCfg = Release|Win32
		{0D7CAB1B-AE57-4BA1-BDBF-D7391AAA81AA}.Release|Win32.Build.0 = Release|Win32
		{0D7CAB1B-AE57-4BA1-BDBF-D7391AAA81AA}.Release|x64.ActiveCfg = Release|x64
		{0D7CAB1B-AE57-4BA1-BDBF-D7391AAA81AA}.Release|x64.Build.0 = Release|x64
		{0D7CAB1B-AE57-4BA1-BDBF-D7391AAA81AA}.ReleaseNASM|Win32.ActiveCfg = Release|Win32
		{0D7CAB1B-AE57-4BA1-BDBF-D7391AAA81AA}.ReleaseNASM|Win32.Build.0 = Release|Win32
		{0D7CAB1B-AE57-4BA1-BDBF-D7391AAA81AA}.ReleaseNASM|x64.ActiveCfg = Release|x64
		{0D7CAB1B-AE57-4BA1-BDBF-D7391AAA81AA}.ReleaseNASM|x64.Build.0 = Release|x64
		{0D7CAB1B-AE57-4BA1-BDBF-D7391AAA81AA}.ReleaseSSE2|Win32.ActiveCfg = Release|Win32
		{0D7CAB1B-AE57-4BA1-BDBF-D7391AAA81AA}.ReleaseSSE2|Win32.Build.0 = Release|Win32
		{0D7CAB1B-AE57-4BA1-BDBF-D7391AAA81AA}.ReleaseSSE2|x64.ActiveCfg = Release|x64
		{0D7CAB1B-AE57-4BA1-BDBF-D7391AAA81AA}.ReleaseSSE2|x64.Build.0 = Release|x64
		{30219289-3B7F-4E02-BC34-C1DBD08CD848}.Debug|Win32.ActiveCfg = Debug|Win32
		{30219289-3B7F-4E02-BC34-C1DBD08CD848}.Debug|Win32.Build.0 = Debug|Win32
		{30219289-3B7F-4E02-BC34-C1DBD08CD848}.Debug|x64.ActiveCfg = Debug|x64
		{30219289-3B7F-4E02-BC34-C1DBD08CD848}.Debug|x64.Build.0 = Debug|x64
		{30219289-3B7F-4E02-BC34-C1DBD08CD848}.Release|Win32.ActiveCfg = Release|Win32
		{30219289-3B7F-4E02-BC34-C1DBD08CD848}.Release|Win32.Build.0 = Release|Win32
		{30219289-3B7F-4E02-BC34-C1DBD08CD848}.Release|x64.ActiveCfg = Release|x64
		{30219289-3B7F-4E02-BC34-C1DBD08CD848}.Release|x64.Build.0 = Release|x64
		{30219289-3B7F-4E02-BC34-C1DBD08CD848}.ReleaseNASM|Win32.ActiveCfg = Release|Win32
		{30219289-3B7F-4E02-BC34-C1DBD08CD848}.ReleaseNASM|Win32.Build.0 = Release|Win32
		{30219289-3B7F-4E02-BC34-C1DBD08CD848}.ReleaseNASM|x64.ActiveCfg = Release|x64
		{30219289-3B7F-4E02-BC34-C1DBD08CD848}.ReleaseNASM|x64.Build.0 = Release|x64
		{30219289-3B7F-4E02-BC34-C1DBD08CD848}.ReleaseSSE2|Win32.ActiveCfg = Release|Win32
		{30219289-3B7F-4E02-BC34-C1DBD08CD848}.ReleaseSSE2|Win32.Build.0 = Release|Win32
		{30219289-3B7F-4E02-BC34-C1DBD08CD848}.ReleaseSSE2|x64.ActiveCfg = Release|x64
		{30219289-3B7F-4E02-BC34-C1DBD08CD848}.ReleaseSSE2|x64.Build.0 = Release|x64
		{FC3D65E7-B7CB-406E-B6C9-0B26E30FE7F4}.Debug|Win32.ActiveCfg = Debug|Win32
		{FC3D65E7-B7CB-406E-B6C9-0B26E30FE7F4}.Debug|Win32.Build.0 = Debug|Win32
		{FC3D65E7-B7CB-406E-B6C9-0B26E30FE7F4}.Debug|x64.ActiveCfg = Debug|x64
		{FC3D65E7-B7CB-406E-B6C9-0B26E30FE7F4}.Debug|x64.Build.0 = Debug|x64
		{FC3D65E7-B7CB-406E-B6C9-0B26E30FE7F4}.Release|Win32.ActiveCfg = Release|Win32
		{FC3D65E7-B7CB-406E-B6C9-0B26E30FE7F4}.Release|Win32.Build.0 = Release|Win32
		{FC3D65E7-B7CB-406E-B6C9-0B26E30FE7F4}.Release|x64.ActiveCfg = Release|x64
		{FC3D65E7-B7CB-406E-B6C9-0B26E30FE7F4}.Release|x64.Build.0 = Release|x64
		{FC3D65E7-B7CB-406E-B6C9-0B26E30FE7F4}.ReleaseNASM|Win32.ActiveCfg = Release|Win32
		{FC3D65E7-B7CB-406E-B6C9-0B26E30FE7F4}.ReleaseNASM|Win32.Build.0 = Release|Win32
		{FC3D65E7-B7CB-406E-B6C9-0B26E30FE7F4}.ReleaseNASM|x64.ActiveCfg = Release|x64
		{FC3D65E7-B7CB-406E-B6C9-0B26E30FE7F4}.ReleaseNASM|x64.Build.0 = Release|x64
		{FC3D65E7-B7CB-406E-B6C9-0B26E30FE7F4}.ReleaseSSE2|Win32.ActiveCfg = Release|Win32
		{FC3D65E7-B7CB-406E-B6C9-0B26E30FE7F4}.ReleaseSSE2|Win32.Build.0 = Release|Win32
		{FC3D65E7-B7CB-406E-B6C9-0B26E30FE7F4}.ReleaseSSE2|x64.ActiveCfg = Release|x64
		{FC3D65E7-B7CB-406E-B6C9-0B26E30FE7F4}.ReleaseSSE2|x64.Build.0 = Release|x64
		{6D348A4E-8B40-4FB0-BB57-C982D51FFA01}.Debug|Win32.ActiveCfg = Debug|Win32
		{6D348A4E-8B40-4FB0-BB57-C982D51FFA01}.Debug|Win32.Build.0 = Debug|Win32
		{6D348A4E-8B40-4FB0-BB57-C982D51FFA01}.Debug|x64.ActiveCfg = Debug|x64
		{6D348A4E-8B40-4FB0-BB57-C982D51FFA01}.Debug|x64.Build.0 = Debug|x64
		{6D348A4E-8B40-4FB0-BB57-C982D51FFA01}.Release|Win32.ActiveCfg = Release|Win32
		{6D348A4E-8B40-4FB0-BB57-C982D51FFA01}.Release|Win32.Build.0 = Release|Win32
		{6D348A4E-8B40-4FB0-BB57-C982D51FFA01}.Release|x64.ActiveCfg = Release|x64
		{6D348A4E-8B40-4FB0-BB57-C982D51FFA01}.Release|x64.Build.0 = Release|x64
		{6D348A4E-8B40-4FB0-BB57-C982D51FFA01}.ReleaseNASM|Win32.ActiveCfg = Release|Win32
		{6D348A4E-8B40-4FB0-BB57-C982D51FFA01}.ReleaseNASM|Win32.Build.0 = Release|Win32
		{6D348A4E-8B40-4FB0-BB57-C982D51FFA01}.ReleaseNASM|x64.ActiveCfg = Release|x64
		{6D348A4E-8B40-4FB0-BB57-C982D51FFA01}.ReleaseNASM|x64.Build.0 = Release|x64
		{6D348A4E-8B40-4FB0-BB57-C982D51FFA01}.ReleaseSSE2|Win32.ActiveCfg = Release|Win32
		{6D348A4E-8B40-4FB0-BB57-C982D51FFA01}.ReleaseSSE2|Win32.Build.0 = Release|Win32
		{6D348A4E-8B40-4FB0-BB57-C982D51FFA01}.ReleaseSSE2|x64.ActiveCfg = Release|x64
		{6D348A4E-8B40-4FB0-BB57-C982D51FFA01}.ReleaseSSE2|x64.Build.0 = Release|x64
		{0E4820D3-DBE3-477A-910B-7C020D6066D1}.Debug|Win32.ActiveCfg = Debug|Win32
		{0E4820D3-DBE3-477A-910B-7C020D6066D1}.Debug|Win32.Build.0 = Debug|Win32
		{0E4820D3-DBE3-477A-910B-7C020D6066D1}.Debug|x64.ActiveCfg = Debug|x64
		{0E4820D3-DBE3-477A-910B-7C020D6066D1}.Debug|x64.Build.0 = Debug|x64
		{0E4820D3-DBE3-477A-910B-7C020D6066D1}.Release|Win32.ActiveCfg = Release|Win32
		{0E4820D3-DBE3-477A-910B-7C020D6066D1}.Release|Win32.Build.0 = Release|Win32
		{0E4820D3-DBE3-477A-910B-7C020D6066D1}.Release|x64.ActiveCfg = Release|x64
		{0E4820D3-DBE3-477A-910B-7C020D6066D1}.Release|x64.Build.0 = Release|x64
		{0E4820D3-DBE3-477A-910B-7C020D6066D1}.ReleaseNASM|Win32.ActiveCfg = Release|Win32
		{0E4820D3-DBE3-477A-910B-7C020D6066D1}.ReleaseNASM|Win32.Build.0 = Release|Win32
		{0E4820D3-DBE3-477A-910B-7C020D6066D1}.ReleaseNASM|x64.ActiveCfg = Release|x64
		{0E4820D3-DBE3-477A-910B-7C020D6066D1}.ReleaseNASM|x64.Build.0 = Release|x64
		{0E4820D3-DBE3-477A-910B-7C020D6066D1}.ReleaseSSE2|Win32.ActiveCfg = Release|Win32
		{0E4820D3-DBE3-477A-910B-7C020D6066D1}.ReleaseSSE2|Win32.Build.0 = Release|Win32
		{0E4820D3-DBE3-477A-910B-7C020D6066D1}.ReleaseSSE2|x64.ActiveCfg = Release|x64
		{0E4820D3-DBE3-477A-910B-7C020D6066D1}.ReleaseSSE2|x64.Build.0 = Release|x64
		{D169F06E-6607-4A9F-A075-2335717B9AB5}.Debug|Win32.ActiveCfg = Debug|Win32
		{D169F06E-6607-4A9F-A075-2335717B9AB5}.Debug|Win32.Build.0 = Debug|Win32
		{D169F06E-6607-4A9F-A075-2335717B9AB5}.Debug|x64.ActiveCfg = Debug|x64
		{D169F06E-6607-4A9F-A075-2335717B9AB5}.Debug|x64.Build.0 = Debug|x64
		{D169F06E-6607-4A9F-A075-2335717B9AB5}.Release|Win32.ActiveCfg = Release|Win32
		{D169F06E-6607-4A9F-A075-2335717B9AB5}.Release|Win32.Build.0 = Release|Win32
		{D169F06E-6607-4A9F-A075-2335717B9AB5}.Release|x64.ActiveCfg = Release|x64
		{D169F06E-6607-4A9F-A075-2335717B9AB5}.Release|x64.Build.0 = Release|x64
		{D169F06E-6607-4A9F-A075-2335717B9AB5}.ReleaseNASM|Win32.ActiveCfg = Release|Win32
		{D169F06E-6607-4A9F-A075-2335717B9AB5}.ReleaseNASM|Win32.Build.0 = Release|Win32
		{D169F06E-6607-4A9F-A075-2335717B9AB5}.ReleaseNASM|x64.ActiveCfg = Release|x64
		{D169F06E-6607-4A9F-A075-2335717B9AB5}.ReleaseNASM|x64.Build.0 = Release|x64
		{D169F06E-6607-4A9F-A075-2335717B9AB5}.ReleaseSSE2|Win32.ActiveCfg = Release|Win32
		{D169F06E-6607-4A9F-A075-2335717B9AB5}.ReleaseSSE2|Win32.Build.0 = Release|Win32
		{D169F06E-6607-4A9F-A075-2335717B9AB5}.ReleaseSSE2|x64.ActiveCfg = Release|x64
		{D169F06E-6607-4A9F-A075-2335717B9AB5}.ReleaseSSE2|x64.Build.0 = Release|x64
	EndGlobalSection
	GlobalSection(SolutionProperties) = preSolution
		HideSolutionNode = FALSE
	EndGlobalSection
EndGlobal
