<?xml version="1.0" encoding="utf-8"?>
<Project ToolsVersion="4.0" xmlns="http://schemas.microsoft.com/developer/msbuild/2003">
  <ItemGroup>
    <Filter Include="Sources">
      <UniqueIdentifier>{a41c932c-dc1e-46bd-a75b-e8ebda01131a}</UniqueIdentifier>
      <Extensions>cpp</Extensions>
    </Filter>
    <Filter Include="Headers">
      <UniqueIdentifier>{54458046-e1e5-47b4-b0f3-778a75638d54}</UniqueIdentifier>
      <Extensions>h</Extensions>
    </Filter>
  </ItemGroup>
  <ItemGroup>
    <ClCompile Include="..\ACM\ADbg\ADbg.cpp">
      <Filter>Sources</Filter>
    </ClCompile>
  </ItemGroup>
  <ItemGroup>
    <ClInclude Include="..\ACM\ADbg\ADbg.h">
      <Filter>Headers</Filter>
    </ClInclude>
  </ItemGroup>
</Project>