<?xml version="1.0" encoding="utf-8"?>
<Project ToolsVersion="4.0" xmlns="http://schemas.microsoft.com/developer/msbuild/2003">
  <ItemGroup>
    <Filter Include="Source Files">
      <UniqueIdentifier>{9a76fa9c-77a0-416d-9623-2153eb94dcd2}</UniqueIdentifier>
      <Extensions>cpp;c;cxx;rc;def;r;odl;hpj;bat;for;f90</Extensions>
    </Filter>
    <Filter Include="Header Files">
      <UniqueIdentifier>{78772114-b386-4d74-8086-1dea968ff334}</UniqueIdentifier>
      <Extensions>h;hpp;hxx;hm;inl;fi;fd</Extensions>
    </Filter>
    <Filter Include="Resource Files">
      <UniqueIdentifier>{93f6f910-a655-421b-9cb4-2c227f540bbb}</UniqueIdentifier>
      <Extensions>ico;cur;bmp;dlg;rc2;rct;bin;cnt;rtf;gif;jpg;jpeg;jpe</Extensions>
    </Filter>
  </ItemGroup>
  <ItemGroup>
    <ClCompile Include="..\DShow\aboutprp.cpp">
      <Filter>Source Files</Filter>
    </ClCompile>
    <ClCompile Include="..\DShow\Encoder.cpp">
      <Filter>Source Files</Filter>
    </ClCompile>
    <ClCompile Include="..\DShow\Mpegac.cpp">
      <Filter>Source Files</Filter>
    </ClCompile>
    <ClCompile Include="..\DShow\PropPage.cpp">
      <Filter>Source Files</Filter>
    </ClCompile>
    <ClCompile Include="..\DShow\PropPage_adv.cpp">
      <Filter>Source Files</Filter>
    </ClCompile>
    <ClCompile Include="..\DShow\REG.CPP">
      <Filter>Source Files</Filter>
    </ClCompile>
  </ItemGroup>
  <ItemGroup>
    <None Include="..\DShow\Mpegac.def">
      <Filter>Source Files</Filter>
    </None>
    <None Include="..\DShow\elogo.ico">
      <Filter>Resource Files</Filter>
    </None>
  </ItemGroup>
  <ItemGroup>
    <ResourceCompile Include="..\DShow\Property.rc">
      <Filter>Source Files</Filter>
    </ResourceCompile>
  </ItemGroup>
  <ItemGroup>
    <ClInclude Include="..\DShow\aboutprp.h">
      <Filter>Header Files</Filter>
    </ClInclude>
    <ClInclude Include="..\DShow\Encoder.h">
      <Filter>Header Files</Filter>
    </ClInclude>
    <ClInclude Include="..\DShow\iaudioprops.h">
      <Filter>Header Files</Filter>
    </ClInclude>
    <ClInclude Include="..\DShow\Mpegac.h">
      <Filter>Header Files</Filter>
    </ClInclude>
    <ClInclude Include="..\DShow\PropPage.h">
      <Filter>Header Files</Filter>
    </ClInclude>
    <ClInclude Include="..\DShow\PropPage_adv.h">
      <Filter>Header Files</Filter>
    </ClInclude>
    <ClInclude Include="..\DShow\reg.h">
      <Filter>Header Files</Filter>
    </ClInclude>
    <ClInclude Include="..\DShow\resource.h">
      <Filter>Header Files</Filter>
    </ClInclude>
    <ClInclude Include="..\DShow\uids.h">
      <Filter>Header Files</Filter>
    </ClInclude>
  </ItemGroup>
  <ItemGroup>
    <CustomBuildStep Include="..\include\lame.h">
      <Filter>Header Files</Filter>
    </CustomBuildStep>
    <CustomBuildStep Include="..\DShow\README" />
  </ItemGroup>
</Project>